{
  "name": "nls-editor",
  "version": "1.0.0",
  "lockfileVersion": 1,
  "requires": true,
  "dependencies": {
    "flexboxgrid": {
      "version": "6.3.1",
      "resolved": "https://registry.npmjs.org/flexboxgrid/-/flexboxgrid-6.3.1.tgz",
      "integrity": "sha1-6ZiYr8B7cEdyK7galYpfuk1OIP0="
    },
    "interactjs": {
      "version": "1.3.4",
      "resolved": "https://registry.npmjs.org/interactjs/-/interactjs-1.3.4.tgz",
      "integrity": "sha512-AQ2CdPEyHqiEEQ1FFgMBj79UEsU1+rUwSXuhOkflvB65p4iECft28SN/PvhD/Y9OtNge8aH1qTibjAi+RXQMqQ=="
    },
    "underscore": {
      "version": "1.9.0",
      "resolved": "https://registry.npmjs.org/underscore/-/underscore-1.9.0.tgz",
      "integrity": "sha512-4IV1DSSxC1QK48j9ONFK1MoIAKKkbE8i7u55w2R6IqBqbT7A/iG7aZBCR2Bi8piF0Uz+i/MG1aeqLwl/5vqF+A=="
    }
  }
}
